// !$*UTF8*$!
{
	archiveVersion = 1;
	classes = {
	};
	objectVersion = 56;
	objects = {

/* Begin PBXBuildFile section */
		7A648599F6E9797012E3F2F1 /* Pods_VK_SwiftUI.framework in Frameworks */ = {isa = PBXBuildFile; fileRef = 4AE7DC56284E9CF6A3766FBB /* Pods_VK_SwiftUI.framework */; };
		B40BFAB3297FD3A40011CCF0 /* LikeButtonNews.swift in Sources */ = {isa = PBXBuildFile; fileRef = B40BFAB2297FD3A40011CCF0 /* LikeButtonNews.swift */; };
		B40BFAB5297FEF9B0011CCF0 /* InnerHeart.swift in Sources */ = {isa = PBXBuildFile; fileRef = B40BFAB4297FEF9B0011CCF0 /* InnerHeart.swift */; };
		B40BFAC4298277880011CCF0 /* NetworkMonitor.swift in Sources */ = {isa = PBXBuildFile; fileRef = B40BFAC3298277880011CCF0 /* NetworkMonitor.swift */; };
		B40BFAC629827C1D0011CCF0 /* NoNetworkView.swift in Sources */ = {isa = PBXBuildFile; fileRef = B40BFAC529827C1D0011CCF0 /* NoNetworkView.swift */; };
		B41046022976B92E000A6932 /* PhotoViewModel.swift in Sources */ = {isa = PBXBuildFile; fileRef = B41046012976B92E000A6932 /* PhotoViewModel.swift */; };
		B433A2C82975702A00037C80 /* NewsViewModel.swift in Sources */ = {isa = PBXBuildFile; fileRef = B433A2C72975702900037C80 /* NewsViewModel.swift */; };
		B45EB49D29862EF90039E6BD /* ListOfGroups.swift in Sources */ = {isa = PBXBuildFile; fileRef = B45EB49C29862EF90039E6BD /* ListOfGroups.swift */; };
		B45EB49F298921DF0039E6BD /* EmptyFriendsListView.swift in Sources */ = {isa = PBXBuildFile; fileRef = B45EB49E298921DF0039E6BD /* EmptyFriendsListView.swift */; };
		B45EB4A3298951910039E6BD /* Launch Screen.storyboard in Resources */ = {isa = PBXBuildFile; fileRef = B45EB4A2298951910039E6BD /* Launch Screen.storyboard */; };
		B46CC89429923CC400746B9A /* LoginViewModel.swift in Sources */ = {isa = PBXBuildFile; fileRef = B46CC89329923CC400746B9A /* LoginViewModel.swift */; };
		B484FEA5296887690034AABD /* SectionTitle.swift in Sources */ = {isa = PBXBuildFile; fileRef = B484FEA4296887690034AABD /* SectionTitle.swift */; };
		B484FEA8296916960034AABD /* GroupsList.swift in Sources */ = {isa = PBXBuildFile; fileRef = B484FEA7296916960034AABD /* GroupsList.swift */; };
		B484FEAA2969194C0034AABD /* Group.swift in Sources */ = {isa = PBXBuildFile; fileRef = B484FEA92969194C0034AABD /* Group.swift */; };
		B484FEAD296960670034AABD /* AddButton.swift in Sources */ = {isa = PBXBuildFile; fileRef = B484FEAC296960660034AABD /* AddButton.swift */; };
		B484FEAF2969613D0034AABD /* AllGroupsList.swift in Sources */ = {isa = PBXBuildFile; fileRef = B484FEAE2969613D0034AABD /* AllGroupsList.swift */; };
		B484FEB12969631A0034AABD /* AllGroupRow.swift in Sources */ = {isa = PBXBuildFile; fileRef = B484FEB02969631A0034AABD /* AllGroupRow.swift */; };
		B484FEB6296AD5F80034AABD /* News.swift in Sources */ = {isa = PBXBuildFile; fileRef = B484FEB5296AD5F80034AABD /* News.swift */; };
		B484FEB8296B076F0034AABD /* NewsList.swift in Sources */ = {isa = PBXBuildFile; fileRef = B484FEB7296B076F0034AABD /* NewsList.swift */; };
		B484FEBA296C07F50034AABD /* CapsuleControl.swift in Sources */ = {isa = PBXBuildFile; fileRef = B484FEB9296C07F50034AABD /* CapsuleControl.swift */; };
		B484FEBC296C0F2A0034AABD /* LikeNewsControl.swift in Sources */ = {isa = PBXBuildFile; fileRef = B484FEBB296C0F2A0034AABD /* LikeNewsControl.swift */; };
		B484FEBE296C34100034AABD /* CommentControl.swift in Sources */ = {isa = PBXBuildFile; fileRef = B484FEBD296C34100034AABD /* CommentControl.swift */; };
		B484FEC0296C35DE0034AABD /* SharedControl.swift in Sources */ = {isa = PBXBuildFile; fileRef = B484FEBF296C35DE0034AABD /* SharedControl.swift */; };
		B484FEC2296C36D50034AABD /* ViewsControl.swift in Sources */ = {isa = PBXBuildFile; fileRef = B484FEC1296C36D50034AABD /* ViewsControl.swift */; };
		B484FEC8296D6BB50034AABD /* LoginWebView.swift in Sources */ = {isa = PBXBuildFile; fileRef = B484FEC7296D6BB50034AABD /* LoginWebView.swift */; };
		B484FECC296D6CD50034AABD /* Session.swift in Sources */ = {isa = PBXBuildFile; fileRef = B484FECB296D6CD50034AABD /* Session.swift */; };
		B484FECE296D6D5B0034AABD /* LoginViewWK.swift in Sources */ = {isa = PBXBuildFile; fileRef = B484FECD296D6D5B0034AABD /* LoginViewWK.swift */; };
		B4856F432962AE04001FA954 /* VK_SwiftUIApp.swift in Sources */ = {isa = PBXBuildFile; fileRef = B4856F422962AE04001FA954 /* VK_SwiftUIApp.swift */; };
		B4856F452962AE04001FA954 /* LoginView.swift in Sources */ = {isa = PBXBuildFile; fileRef = B4856F442962AE04001FA954 /* LoginView.swift */; };
		B4856F472962AE06001FA954 /* Assets.xcassets in Resources */ = {isa = PBXBuildFile; fileRef = B4856F462962AE06001FA954 /* Assets.xcassets */; };
		B4856F4A2962AE06001FA954 /* Preview Assets.xcassets in Resources */ = {isa = PBXBuildFile; fileRef = B4856F492962AE06001FA954 /* Preview Assets.xcassets */; };
		B4856F5129633242001FA954 /* LogoImage.swift in Sources */ = {isa = PBXBuildFile; fileRef = B4856F5029633242001FA954 /* LogoImage.swift */; };
		B4856F5329633281001FA954 /* LoginTextField.swift in Sources */ = {isa = PBXBuildFile; fileRef = B4856F5229633281001FA954 /* LoginTextField.swift */; };
		B4856F552963346B001FA954 /* PasswordTextField.swift in Sources */ = {isa = PBXBuildFile; fileRef = B4856F542963346B001FA954 /* PasswordTextField.swift */; };
		B4856F582963550B001FA954 /* LoginSucceedView.swift in Sources */ = {isa = PBXBuildFile; fileRef = B4856F572963550B001FA954 /* LoginSucceedView.swift */; };
		B4856F5C2963CF4F001FA954 /* BackgroundImage.swift in Sources */ = {isa = PBXBuildFile; fileRef = B4856F5B2963CF4F001FA954 /* BackgroundImage.swift */; };
		B4856F5E2963DA00001FA954 /* LoginButtonStyle.swift in Sources */ = {isa = PBXBuildFile; fileRef = B4856F5D2963DA00001FA954 /* LoginButtonStyle.swift */; };
		B4856F602963DD6A001FA954 /* LoginButton.swift in Sources */ = {isa = PBXBuildFile; fileRef = B4856F5F2963DD6A001FA954 /* LoginButton.swift */; };
		B4856F6329645F8B001FA954 /* Friend'sRow.swift in Sources */ = {isa = PBXBuildFile; fileRef = B4856F6229645F8B001FA954 /* Friend'sRow.swift */; };
		B4856F6529646837001FA954 /* CircleShadow.swift in Sources */ = {isa = PBXBuildFile; fileRef = B4856F6429646837001FA954 /* CircleShadow.swift */; };
		B4856F6729652AC0001FA954 /* FavoriteButton.swift in Sources */ = {isa = PBXBuildFile; fileRef = B4856F6629652AC0001FA954 /* FavoriteButton.swift */; };
		B4856F69296535F4001FA954 /* GroupRow.swift in Sources */ = {isa = PBXBuildFile; fileRef = B4856F68296535F4001FA954 /* GroupRow.swift */; };
		B4856F6B2965CE68001FA954 /* NameBoldText.swift in Sources */ = {isa = PBXBuildFile; fileRef = B4856F6A2965CE68001FA954 /* NameBoldText.swift */; };
		B4856F6D2965D1FB001FA954 /* Secondary2lineText.swift in Sources */ = {isa = PBXBuildFile; fileRef = B4856F6C2965D1FB001FA954 /* Secondary2lineText.swift */; };
		B4856F6F2965D353001FA954 /* Avatar.swift in Sources */ = {isa = PBXBuildFile; fileRef = B4856F6E2965D353001FA954 /* Avatar.swift */; };
		B4856F742965D6BD001FA954 /* SecondaryText.swift in Sources */ = {isa = PBXBuildFile; fileRef = B4856F732965D6BD001FA954 /* SecondaryText.swift */; };
		B49B6721298CC4B000267D66 /* LaunchScreen.swift in Sources */ = {isa = PBXBuildFile; fileRef = B49B6720298CC4B000267D66 /* LaunchScreen.swift */; };
		B49B6723298CF68F00267D66 /* EmptyGroupListView.swift in Sources */ = {isa = PBXBuildFile; fileRef = B49B6722298CF68F00267D66 /* EmptyGroupListView.swift */; };
		B4B02BB82966B0A4002BA614 /* AlertX in Frameworks */ = {isa = PBXBuildFile; productRef = B4B02BB72966B0A4002BA614 /* AlertX */; };
		B4B02BBA2966C4F5002BA614 /* MainView.swift in Sources */ = {isa = PBXBuildFile; fileRef = B4B02BB92966C4F5002BA614 /* MainView.swift */; };
		B4B02BBC2966C5AF002BA614 /* NewsRow.swift in Sources */ = {isa = PBXBuildFile; fileRef = B4B02BBB2966C5AF002BA614 /* NewsRow.swift */; };
		B4B02BC52966F0AF002BA614 /* CustomTabBar.swift in Sources */ = {isa = PBXBuildFile; fileRef = B4B02BC42966F0AF002BA614 /* CustomTabBar.swift */; };
		B4B02BC729671244002BA614 /* Extension+Color.swift in Sources */ = {isa = PBXBuildFile; fileRef = B4B02BC629671244002BA614 /* Extension+Color.swift */; };
		B4B02BD02967C390002BA614 /* Friend.swift in Sources */ = {isa = PBXBuildFile; fileRef = B4B02BCF2967C390002BA614 /* Friend.swift */; };
		B4B02BD42967D329002BA614 /* FriendsList.swift in Sources */ = {isa = PBXBuildFile; fileRef = B4B02BD32967D329002BA614 /* FriendsList.swift */; };
		B4B02BD62967E629002BA614 /* FriendPhotos.swift in Sources */ = {isa = PBXBuildFile; fileRef = B4B02BD52967E629002BA614 /* FriendPhotos.swift */; };
		B4B02BD82967EBFF002BA614 /* Photo.swift in Sources */ = {isa = PBXBuildFile; fileRef = B4B02BD72967EBFF002BA614 /* Photo.swift */; };
		B4B02BDC29682576002BA614 /* LikeButton.swift in Sources */ = {isa = PBXBuildFile; fileRef = B4B02BDB29682576002BA614 /* LikeButton.swift */; };
		B4B02BDE29682638002BA614 /* LikeQuantityButton.swift in Sources */ = {isa = PBXBuildFile; fileRef = B4B02BDD29682638002BA614 /* LikeQuantityButton.swift */; };
		B4B02BE0296826C7002BA614 /* LikeControl.swift in Sources */ = {isa = PBXBuildFile; fileRef = B4B02BDF296826C7002BA614 /* LikeControl.swift */; };
		B4B02BE229682968002BA614 /* PhotoView.swift in Sources */ = {isa = PBXBuildFile; fileRef = B4B02BE129682968002BA614 /* PhotoView.swift */; };
		B4BC201D29706561002C1CF2 /* FriendsViewModel.swift in Sources */ = {isa = PBXBuildFile; fileRef = B4BC201C29706561002C1CF2 /* FriendsViewModel.swift */; };
		B4BC2021297108B8002C1CF2 /* SDWebImage in Frameworks */ = {isa = PBXBuildFile; productRef = B4BC2020297108B8002C1CF2 /* SDWebImage */; };
		B4BC2024297108F7002C1CF2 /* SDWebImageSwiftUI in Frameworks */ = {isa = PBXBuildFile; productRef = B4BC2023297108F7002C1CF2 /* SDWebImageSwiftUI */; };
		B4BC20282973B84A002C1CF2 /* GroupViewModel.swift in Sources */ = {isa = PBXBuildFile; fileRef = B4BC20272973B84A002C1CF2 /* GroupViewModel.swift */; };
/* End PBXBuildFile section */

/* Begin PBXFileReference section */
		4AE7DC56284E9CF6A3766FBB /* Pods_VK_SwiftUI.framework */ = {isa = PBXFileReference; explicitFileType = wrapper.framework; includeInIndex = 0; path = Pods_VK_SwiftUI.framework; sourceTree = BUILT_PRODUCTS_DIR; };
		5D5A9F0D6F43B8EFC0DE35A0 /* Pods-VK-SwiftUI.release.xcconfig */ = {isa = PBXFileReference; includeInIndex = 1; lastKnownFileType = text.xcconfig; name = "Pods-VK-SwiftUI.release.xcconfig"; path = "Target Support Files/Pods-VK-SwiftUI/Pods-VK-SwiftUI.release.xcconfig"; sourceTree = "<group>"; };
		94ECE2C276E31F10E59C56D6 /* Pods-VK-SwiftUI.debug.xcconfig */ = {isa = PBXFileReference; includeInIndex = 1; lastKnownFileType = text.xcconfig; name = "Pods-VK-SwiftUI.debug.xcconfig"; path = "Target Support Files/Pods-VK-SwiftUI/Pods-VK-SwiftUI.debug.xcconfig"; sourceTree = "<group>"; };
		B40BFAB2297FD3A40011CCF0 /* LikeButtonNews.swift */ = {isa = PBXFileReference; lastKnownFileType = sourcecode.swift; path = LikeButtonNews.swift; sourceTree = "<group>"; };
		B40BFAB4297FEF9B0011CCF0 /* InnerHeart.swift */ = {isa = PBXFileReference; lastKnownFileType = sourcecode.swift; path = InnerHeart.swift; sourceTree = "<group>"; };
		B40BFAC3298277880011CCF0 /* NetworkMonitor.swift */ = {isa = PBXFileReference; lastKnownFileType = sourcecode.swift; path = NetworkMonitor.swift; sourceTree = "<group>"; };
		B40BFAC529827C1D0011CCF0 /* NoNetworkView.swift */ = {isa = PBXFileReference; lastKnownFileType = sourcecode.swift; path = NoNetworkView.swift; sourceTree = "<group>"; };
		B41046012976B92E000A6932 /* PhotoViewModel.swift */ = {isa = PBXFileReference; lastKnownFileType = sourcecode.swift; path = PhotoViewModel.swift; sourceTree = "<group>"; };
		B433A2C72975702900037C80 /* NewsViewModel.swift */ = {isa = PBXFileReference; lastKnownFileType = sourcecode.swift; path = NewsViewModel.swift; sourceTree = "<group>"; };
		B45EB49C29862EF90039E6BD /* ListOfGroups.swift */ = {isa = PBXFileReference; lastKnownFileType = sourcecode.swift; path = ListOfGroups.swift; sourceTree = "<group>"; };
		B45EB49E298921DF0039E6BD /* EmptyFriendsListView.swift */ = {isa = PBXFileReference; lastKnownFileType = sourcecode.swift; path = EmptyFriendsListView.swift; sourceTree = "<group>"; };
		B45EB4A2298951910039E6BD /* Launch Screen.storyboard */ = {isa = PBXFileReference; lastKnownFileType = file.storyboard; path = "Launch Screen.storyboard"; sourceTree = "<group>"; };
		B46CC89329923CC400746B9A /* LoginViewModel.swift */ = {isa = PBXFileReference; lastKnownFileType = sourcecode.swift; path = LoginViewModel.swift; sourceTree = "<group>"; };
		B484FEA4296887690034AABD /* SectionTitle.swift */ = {isa = PBXFileReference; lastKnownFileType = sourcecode.swift; path = SectionTitle.swift; sourceTree = "<group>"; };
		B484FEA7296916960034AABD /* GroupsList.swift */ = {isa = PBXFileReference; lastKnownFileType = sourcecode.swift; path = GroupsList.swift; sourceTree = "<group>"; };
		B484FEA92969194C0034AABD /* Group.swift */ = {isa = PBXFileReference; lastKnownFileType = sourcecode.swift; path = Group.swift; sourceTree = "<group>"; };
		B484FEAC296960660034AABD /* AddButton.swift */ = {isa = PBXFileReference; lastKnownFileType = sourcecode.swift; path = AddButton.swift; sourceTree = "<group>"; };
		B484FEAE2969613D0034AABD /* AllGroupsList.swift */ = {isa = PBXFileReference; lastKnownFileType = sourcecode.swift; path = AllGroupsList.swift; sourceTree = "<group>"; };
		B484FEB02969631A0034AABD /* AllGroupRow.swift */ = {isa = PBXFileReference; lastKnownFileType = sourcecode.swift; path = AllGroupRow.swift; sourceTree = "<group>"; };
		B484FEB5296AD5F80034AABD /* News.swift */ = {isa = PBXFileReference; lastKnownFileType = sourcecode.swift; path = News.swift; sourceTree = "<group>"; };
		B484FEB7296B076F0034AABD /* NewsList.swift */ = {isa = PBXFileReference; lastKnownFileType = sourcecode.swift; path = NewsList.swift; sourceTree = "<group>"; };
		B484FEB9296C07F50034AABD /* CapsuleControl.swift */ = {isa = PBXFileReference; lastKnownFileType = sourcecode.swift; path = CapsuleControl.swift; sourceTree = "<group>"; };
		B484FEBB296C0F2A0034AABD /* LikeNewsControl.swift */ = {isa = PBXFileReference; lastKnownFileType = sourcecode.swift; path = LikeNewsControl.swift; sourceTree = "<group>"; };
		B484FEBD296C34100034AABD /* CommentControl.swift */ = {isa = PBXFileReference; lastKnownFileType = sourcecode.swift; path = CommentControl.swift; sourceTree = "<group>"; };
		B484FEBF296C35DE0034AABD /* SharedControl.swift */ = {isa = PBXFileReference; lastKnownFileType = sourcecode.swift; path = SharedControl.swift; sourceTree = "<group>"; };
		B484FEC1296C36D50034AABD /* ViewsControl.swift */ = {isa = PBXFileReference; lastKnownFileType = sourcecode.swift; path = ViewsControl.swift; sourceTree = "<group>"; };
		B484FEC7296D6BB50034AABD /* LoginWebView.swift */ = {isa = PBXFileReference; lastKnownFileType = sourcecode.swift; path = LoginWebView.swift; sourceTree = "<group>"; };
		B484FECB296D6CD50034AABD /* Session.swift */ = {isa = PBXFileReference; lastKnownFileType = sourcecode.swift; path = Session.swift; sourceTree = "<group>"; };
		B484FECD296D6D5B0034AABD /* LoginViewWK.swift */ = {isa = PBXFileReference; lastKnownFileType = sourcecode.swift; path = LoginViewWK.swift; sourceTree = "<group>"; };
		B4856F3F2962AE04001FA954 /* VK-SwiftUI.app */ = {isa = PBXFileReference; explicitFileType = wrapper.application; includeInIndex = 0; path = "VK-SwiftUI.app"; sourceTree = BUILT_PRODUCTS_DIR; };
		B4856F422962AE04001FA954 /* VK_SwiftUIApp.swift */ = {isa = PBXFileReference; lastKnownFileType = sourcecode.swift; path = VK_SwiftUIApp.swift; sourceTree = "<group>"; };
		B4856F442962AE04001FA954 /* LoginView.swift */ = {isa = PBXFileReference; lastKnownFileType = sourcecode.swift; path = LoginView.swift; sourceTree = "<group>"; };
		B4856F462962AE06001FA954 /* Assets.xcassets */ = {isa = PBXFileReference; lastKnownFileType = folder.assetcatalog; path = Assets.xcassets; sourceTree = "<group>"; };
		B4856F492962AE06001FA954 /* Preview Assets.xcassets */ = {isa = PBXFileReference; lastKnownFileType = folder.assetcatalog; path = "Preview Assets.xcassets"; sourceTree = "<group>"; };
		B4856F5029633242001FA954 /* LogoImage.swift */ = {isa = PBXFileReference; lastKnownFileType = sourcecode.swift; path = LogoImage.swift; sourceTree = "<group>"; };
		B4856F5229633281001FA954 /* LoginTextField.swift */ = {isa = PBXFileReference; lastKnownFileType = sourcecode.swift; path = LoginTextField.swift; sourceTree = "<group>"; };
		B4856F542963346B001FA954 /* PasswordTextField.swift */ = {isa = PBXFileReference; lastKnownFileType = sourcecode.swift; path = PasswordTextField.swift; sourceTree = "<group>"; };
		B4856F572963550B001FA954 /* LoginSucceedView.swift */ = {isa = PBXFileReference; lastKnownFileType = sourcecode.swift; path = LoginSucceedView.swift; sourceTree = "<group>"; };
		B4856F5B2963CF4F001FA954 /* BackgroundImage.swift */ = {isa = PBXFileReference; lastKnownFileType = sourcecode.swift; path = BackgroundImage.swift; sourceTree = "<group>"; };
		B4856F5D2963DA00001FA954 /* LoginButtonStyle.swift */ = {isa = PBXFileReference; lastKnownFileType = sourcecode.swift; path = LoginButtonStyle.swift; sourceTree = "<group>"; };
		B4856F5F2963DD6A001FA954 /* LoginButton.swift */ = {isa = PBXFileReference; lastKnownFileType = sourcecode.swift; path = LoginButton.swift; sourceTree = "<group>"; };
		B4856F6229645F8B001FA954 /* Friend'sRow.swift */ = {isa = PBXFileReference; lastKnownFileType = sourcecode.swift; path = "Friend'sRow.swift"; sourceTree = "<group>"; };
		B4856F6429646837001FA954 /* CircleShadow.swift */ = {isa = PBXFileReference; lastKnownFileType = sourcecode.swift; path = CircleShadow.swift; sourceTree = "<group>"; };
		B4856F6629652AC0001FA954 /* FavoriteButton.swift */ = {isa = PBXFileReference; lastKnownFileType = sourcecode.swift; path = FavoriteButton.swift; sourceTree = "<group>"; };
		B4856F68296535F4001FA954 /* GroupRow.swift */ = {isa = PBXFileReference; lastKnownFileType = sourcecode.swift; path = GroupRow.swift; sourceTree = "<group>"; };
		B4856F6A2965CE68001FA954 /* NameBoldText.swift */ = {isa = PBXFileReference; lastKnownFileType = sourcecode.swift; path = NameBoldText.swift; sourceTree = "<group>"; };
		B4856F6C2965D1FB001FA954 /* Secondary2lineText.swift */ = {isa = PBXFileReference; lastKnownFileType = sourcecode.swift; path = Secondary2lineText.swift; sourceTree = "<group>"; };
		B4856F6E2965D353001FA954 /* Avatar.swift */ = {isa = PBXFileReference; lastKnownFileType = sourcecode.swift; path = Avatar.swift; sourceTree = "<group>"; };
		B4856F732965D6BD001FA954 /* SecondaryText.swift */ = {isa = PBXFileReference; lastKnownFileType = sourcecode.swift; path = SecondaryText.swift; sourceTree = "<group>"; };
		B49B6720298CC4B000267D66 /* LaunchScreen.swift */ = {isa = PBXFileReference; lastKnownFileType = sourcecode.swift; path = LaunchScreen.swift; sourceTree = "<group>"; };
		B49B6722298CF68F00267D66 /* EmptyGroupListView.swift */ = {isa = PBXFileReference; lastKnownFileType = sourcecode.swift; path = EmptyGroupListView.swift; sourceTree = "<group>"; };
		B4B02BB92966C4F5002BA614 /* MainView.swift */ = {isa = PBXFileReference; lastKnownFileType = sourcecode.swift; path = MainView.swift; sourceTree = "<group>"; };
		B4B02BBB2966C5AF002BA614 /* NewsRow.swift */ = {isa = PBXFileReference; lastKnownFileType = sourcecode.swift; path = NewsRow.swift; sourceTree = "<group>"; };
		B4B02BC42966F0AF002BA614 /* CustomTabBar.swift */ = {isa = PBXFileReference; lastKnownFileType = sourcecode.swift; path = CustomTabBar.swift; sourceTree = "<group>"; };
		B4B02BC629671244002BA614 /* Extension+Color.swift */ = {isa = PBXFileReference; lastKnownFileType = sourcecode.swift; path = "Extension+Color.swift"; sourceTree = "<group>"; };
		B4B02BCF2967C390002BA614 /* Friend.swift */ = {isa = PBXFileReference; lastKnownFileType = sourcecode.swift; path = Friend.swift; sourceTree = "<group>"; };
		B4B02BD32967D329002BA614 /* FriendsList.swift */ = {isa = PBXFileReference; lastKnownFileType = sourcecode.swift; path = FriendsList.swift; sourceTree = "<group>"; };
		B4B02BD52967E629002BA614 /* FriendPhotos.swift */ = {isa = PBXFileReference; lastKnownFileType = sourcecode.swift; path = FriendPhotos.swift; sourceTree = "<group>"; };
		B4B02BD72967EBFF002BA614 /* Photo.swift */ = {isa = PBXFileReference; lastKnownFileType = sourcecode.swift; path = Photo.swift; sourceTree = "<group>"; };
		B4B02BDB29682576002BA614 /* LikeButton.swift */ = {isa = PBXFileReference; lastKnownFileType = sourcecode.swift; path = LikeButton.swift; sourceTree = "<group>"; };
		B4B02BDD29682638002BA614 /* LikeQuantityButton.swift */ = {isa = PBXFileReference; lastKnownFileType = sourcecode.swift; path = LikeQuantityButton.swift; sourceTree = "<group>"; };
		B4B02BDF296826C7002BA614 /* LikeControl.swift */ = {isa = PBXFileReference; lastKnownFileType = sourcecode.swift; path = LikeControl.swift; sourceTree = "<group>"; };
		B4B02BE129682968002BA614 /* PhotoView.swift */ = {isa = PBXFileReference; lastKnownFileType = sourcecode.swift; path = PhotoView.swift; sourceTree = "<group>"; };
		B4BC201C29706561002C1CF2 /* FriendsViewModel.swift */ = {isa = PBXFileReference; lastKnownFileType = sourcecode.swift; path = FriendsViewModel.swift; sourceTree = "<group>"; };
		B4BC20272973B84A002C1CF2 /* GroupViewModel.swift */ = {isa = PBXFileReference; lastKnownFileType = sourcecode.swift; path = GroupViewModel.swift; sourceTree = "<group>"; };
/* End PBXFileReference section */

/* Begin PBXFrameworksBuildPhase section */
		B4856F3C2962AE04001FA954 /* Frameworks */ = {
			isa = PBXFrameworksBuildPhase;
			buildActionMask = 2147483647;
			files = (
				B4BC2024297108F7002C1CF2 /* SDWebImageSwiftUI in Frameworks */,
				B4BC2021297108B8002C1CF2 /* SDWebImage in Frameworks */,
				B4B02BB82966B0A4002BA614 /* AlertX in Frameworks */,
				7A648599F6E9797012E3F2F1 /* Pods_VK_SwiftUI.framework in Frameworks */,
			);
			runOnlyForDeploymentPostprocessing = 0;
		};
/* End PBXFrameworksBuildPhase section */

/* Begin PBXGroup section */
		65F11D56A2E115D8647199B9 /* Frameworks */ = {
			isa = PBXGroup;
			children = (
				4AE7DC56284E9CF6A3766FBB /* Pods_VK_SwiftUI.framework */,
			);
			name = Frameworks;
			sourceTree = "<group>";
		};
		B484FEA6296916500034AABD /* Friend */ = {
			isa = PBXGroup;
			children = (
				B4856F6229645F8B001FA954 /* Friend'sRow.swift */,
				B4B02BD32967D329002BA614 /* FriendsList.swift */,
				B45EB49E298921DF0039E6BD /* EmptyFriendsListView.swift */,
			);
			path = Friend;
			sourceTree = "<group>";
		};
		B484FEAB2969263C0034AABD /* Group */ = {
			isa = PBXGroup;
			children = (
				B484FEB2296AD4060034AABD /* FavouriteGroups */,
				B484FEB3296AD4240034AABD /* AllGroups */,
			);
			path = Group;
			sourceTree = "<group>";
		};
		B484FEB2296AD4060034AABD /* FavouriteGroups */ = {
			isa = PBXGroup;
			children = (
				B4856F68296535F4001FA954 /* GroupRow.swift */,
				B484FEA7296916960034AABD /* GroupsList.swift */,
				B49B6722298CF68F00267D66 /* EmptyGroupListView.swift */,
				B45EB49C29862EF90039E6BD /* ListOfGroups.swift */,
			);
			path = FavouriteGroups;
			sourceTree = "<group>";
		};
		B484FEB3296AD4240034AABD /* AllGroups */ = {
			isa = PBXGroup;
			children = (
				B484FEAE2969613D0034AABD /* AllGroupsList.swift */,
				B484FEB02969631A0034AABD /* AllGroupRow.swift */,
			);
			path = AllGroups;
			sourceTree = "<group>";
		};
		B484FEB4296AD4630034AABD /* News */ = {
			isa = PBXGroup;
			children = (
				B4B02BBB2966C5AF002BA614 /* NewsRow.swift */,
				B484FEB7296B076F0034AABD /* NewsList.swift */,
			);
			path = News;
			sourceTree = "<group>";
		};
		B484FED1296EC8800034AABD /* Service */ = {
			isa = PBXGroup;
			children = (
				B484FECB296D6CD50034AABD /* Session.swift */,
			);
			path = Service;
			sourceTree = "<group>";
		};
		B4856F362962AE04001FA954 = {
			isa = PBXGroup;
			children = (
				B4856F412962AE04001FA954 /* VK-SwiftUI */,
				B4856F402962AE04001FA954 /* Products */,
				F8FC77AEBEA7148228900AE0 /* Pods */,
				65F11D56A2E115D8647199B9 /* Frameworks */,
			);
			sourceTree = "<group>";
		};
		B4856F402962AE04001FA954 /* Products */ = {
			isa = PBXGroup;
			children = (
				B4856F3F2962AE04001FA954 /* VK-SwiftUI.app */,
			);
			name = Products;
			sourceTree = "<group>";
		};
		B4856F412962AE04001FA954 /* VK-SwiftUI */ = {
			isa = PBXGroup;
			children = (
				B4856F422962AE04001FA954 /* VK_SwiftUIApp.swift */,
				B4B02BC8296713F8002BA614 /* Extensions */,
				B484FED1296EC8800034AABD /* Service */,
				B4BC201E29707968002C1CF2 /* ViewModel */,
				B4B02BCE2967C2DD002BA614 /* Model */,
				B4856F56296334AE001FA954 /* View */,
				B4856F462962AE06001FA954 /* Assets.xcassets */,
				B4856F482962AE06001FA954 /* Preview Content */,
			);
			path = "VK-SwiftUI";
			sourceTree = "<group>";
		};
		B4856F482962AE06001FA954 /* Preview Content */ = {
			isa = PBXGroup;
			children = (
				B4856F492962AE06001FA954 /* Preview Assets.xcassets */,
			);
			path = "Preview Content";
			sourceTree = "<group>";
		};
		B4856F56296334AE001FA954 /* View */ = {
			isa = PBXGroup;
			children = (
				B484FEA6296916500034AABD /* Friend */,
				B4B3C784298A8C47001F3BCA /* Photo */,
				B484FEAB2969263C0034AABD /* Group */,
				B484FEB4296AD4630034AABD /* News */,
				B4B02BD929680D4C002BA614 /* Controls */,
				B4B02BC929671450002BA614 /* TabBar */,
				B4856F712965D5FF001FA954 /* Image */,
				B4856F612963DDE4001FA954 /* LoginButton */,
				B4856F702965D5D1001FA954 /* Text */,
				B40BFAC529827C1D0011CCF0 /* NoNetworkView.swift */,
				B484FECD296D6D5B0034AABD /* LoginViewWK.swift */,
				B49B671F298CC46900267D66 /* Launch */,
			);
			path = View;
			sourceTree = "<group>";
		};
		B4856F612963DDE4001FA954 /* LoginButton */ = {
			isa = PBXGroup;
			children = (
				B4856F5D2963DA00001FA954 /* LoginButtonStyle.swift */,
				B4856F5F2963DD6A001FA954 /* LoginButton.swift */,
			);
			path = LoginButton;
			sourceTree = "<group>";
		};
		B4856F702965D5D1001FA954 /* Text */ = {
			isa = PBXGroup;
			children = (
				B4856F6A2965CE68001FA954 /* NameBoldText.swift */,
				B484FEA4296887690034AABD /* SectionTitle.swift */,
				B4856F6C2965D1FB001FA954 /* Secondary2lineText.swift */,
				B4856F732965D6BD001FA954 /* SecondaryText.swift */,
			);
			path = Text;
			sourceTree = "<group>";
		};
		B4856F712965D5FF001FA954 /* Image */ = {
			isa = PBXGroup;
			children = (
				B4856F5B2963CF4F001FA954 /* BackgroundImage.swift */,
				B4856F5029633242001FA954 /* LogoImage.swift */,
				B40BFAB4297FEF9B0011CCF0 /* InnerHeart.swift */,
				B4856F722965D62F001FA954 /* Avatar */,
			);
			path = Image;
			sourceTree = "<group>";
		};
		B4856F722965D62F001FA954 /* Avatar */ = {
			isa = PBXGroup;
			children = (
				B4856F6E2965D353001FA954 /* Avatar.swift */,
				B4856F6429646837001FA954 /* CircleShadow.swift */,
			);
			name = Avatar;
			sourceTree = "<group>";
		};
		B49B671F298CC46900267D66 /* Launch */ = {
			isa = PBXGroup;
			children = (
				B45EB4A2298951910039E6BD /* Launch Screen.storyboard */,
				B49B6720298CC4B000267D66 /* LaunchScreen.swift */,
			);
			path = Launch;
			sourceTree = "<group>";
		};
		B4B02BC8296713F8002BA614 /* Extensions */ = {
			isa = PBXGroup;
			children = (
				B4B02BC629671244002BA614 /* Extension+Color.swift */,
			);
			path = Extensions;
			sourceTree = "<group>";
		};
		B4B02BC929671450002BA614 /* TabBar */ = {
			isa = PBXGroup;
			children = (
				B4B02BB92966C4F5002BA614 /* MainView.swift */,
				B4B02BC42966F0AF002BA614 /* CustomTabBar.swift */,
			);
			path = TabBar;
			sourceTree = "<group>";
		};
		B4B02BCE2967C2DD002BA614 /* Model */ = {
			isa = PBXGroup;
			children = (
				B4B02BCF2967C390002BA614 /* Friend.swift */,
				B484FEA92969194C0034AABD /* Group.swift */,
				B484FEB5296AD5F80034AABD /* News.swift */,
				B4B02BD72967EBFF002BA614 /* Photo.swift */,
			);
			name = Model;
			sourceTree = "<group>";
		};
		B4B02BD929680D4C002BA614 /* Controls */ = {
			isa = PBXGroup;
			children = (
				B4856F6629652AC0001FA954 /* FavoriteButton.swift */,
				B484FEAC296960660034AABD /* AddButton.swift */,
				B484FEC1296C36D50034AABD /* ViewsControl.swift */,
				B484FEBF296C35DE0034AABD /* SharedControl.swift */,
				B484FEBD296C34100034AABD /* CommentControl.swift */,
				B4856F5229633281001FA954 /* LoginTextField.swift */,
				B4856F542963346B001FA954 /* PasswordTextField.swift */,
				B4856F572963550B001FA954 /* LoginSucceedView.swift */,
				B4856F442962AE04001FA954 /* LoginView.swift */,
				B484FEB9296C07F50034AABD /* CapsuleControl.swift */,
				B4B02BDA29682560002BA614 /* LikeControl */,
			);
			path = Controls;
			sourceTree = "<group>";
		};
		B4B02BDA29682560002BA614 /* LikeControl */ = {
			isa = PBXGroup;
			children = (
				B4B02BDB29682576002BA614 /* LikeButton.swift */,
				B40BFAB2297FD3A40011CCF0 /* LikeButtonNews.swift */,
				B4B02BDF296826C7002BA614 /* LikeControl.swift */,
				B484FEBB296C0F2A0034AABD /* LikeNewsControl.swift */,
				B4B02BDD29682638002BA614 /* LikeQuantityButton.swift */,
			);
			path = LikeControl;
			sourceTree = "<group>";
		};
		B4B3C784298A8C47001F3BCA /* Photo */ = {
			isa = PBXGroup;
			children = (
				B4B02BD52967E629002BA614 /* FriendPhotos.swift */,
				B4B02BE129682968002BA614 /* PhotoView.swift */,
			);
			path = Photo;
			sourceTree = "<group>";
		};
		B4BC201E29707968002C1CF2 /* ViewModel */ = {
			isa = PBXGroup;
			children = (
				B4BC201C29706561002C1CF2 /* FriendsViewModel.swift */,
				B4BC20272973B84A002C1CF2 /* GroupViewModel.swift */,
				B433A2C72975702900037C80 /* NewsViewModel.swift */,
				B41046012976B92E000A6932 /* PhotoViewModel.swift */,
				B484FEC7296D6BB50034AABD /* LoginWebView.swift */,
				B40BFAC3298277880011CCF0 /* NetworkMonitor.swift */,
				B46CC89329923CC400746B9A /* LoginViewModel.swift */,
			);
			path = ViewModel;
			sourceTree = "<group>";
		};
		F8FC77AEBEA7148228900AE0 /* Pods */ = {
			isa = PBXGroup;
			children = (
				94ECE2C276E31F10E59C56D6 /* Pods-VK-SwiftUI.debug.xcconfig */,
				5D5A9F0D6F43B8EFC0DE35A0 /* Pods-VK-SwiftUI.release.xcconfig */,
			);
			path = Pods;
			sourceTree = "<group>";
		};
/* End PBXGroup section */

/* Begin PBXNativeTarget section */
		B4856F3E2962AE04001FA954 /* VK-SwiftUI */ = {
			isa = PBXNativeTarget;
			buildConfigurationList = B4856F4D2962AE06001FA954 /* Build configuration list for PBXNativeTarget "VK-SwiftUI" */;
			buildPhases = (
				316896422156436D66A7A83D /* [CP] Check Pods Manifest.lock */,
				B4856F3B2962AE04001FA954 /* Sources */,
				B4856F3C2962AE04001FA954 /* Frameworks */,
				B4856F3D2962AE04001FA954 /* Resources */,
				2D874DC58F70D18AAE4A81C5 /* [CP] Embed Pods Frameworks */,
			);
			buildRules = (
			);
			dependencies = (
			);
			name = "VK-SwiftUI";
			packageProductDependencies = (
				B4B02BB72966B0A4002BA614 /* AlertX */,
				B4BC2020297108B8002C1CF2 /* SDWebImage */,
				B4BC2023297108F7002C1CF2 /* SDWebImageSwiftUI */,
			);
			productName = "VK-SwiftUI";
			productReference = B4856F3F2962AE04001FA954 /* VK-SwiftUI.app */;
			productType = "com.apple.product-type.application";
		};
/* End PBXNativeTarget section */

/* Begin PBXProject section */
		B4856F372962AE04001FA954 /* Project object */ = {
			isa = PBXProject;
			attributes = {
				BuildIndependentTargetsInParallel = 1;
				LastSwiftUpdateCheck = 1420;
				LastUpgradeCheck = 1420;
				TargetAttributes = {
					B4856F3E2962AE04001FA954 = {
						CreatedOnToolsVersion = 14.2;
					};
				};
			};
			buildConfigurationList = B4856F3A2962AE04001FA954 /* Build configuration list for PBXProject "VK-SwiftUI" */;
			compatibilityVersion = "Xcode 14.0";
			developmentRegion = en;
			hasScannedForEncodings = 0;
			knownRegions = (
				en,
				Base,
			);
			mainGroup = B4856F362962AE04001FA954;
			packageReferences = (
				B4B02BB62966B0A4002BA614 /* XCRemoteSwiftPackageReference "AlertX" */,
				B4BC201F297108B8002C1CF2 /* XCRemoteSwiftPackageReference "SDWebImage" */,
				B4BC2022297108F7002C1CF2 /* XCRemoteSwiftPackageReference "SDWebImageSwiftUI" */,
			);
			productRefGroup = B4856F402962AE04001FA954 /* Products */;
			projectDirPath = "";
			projectRoot = "";
			targets = (
				B4856F3E2962AE04001FA954 /* VK-SwiftUI */,
			);
		};
/* End PBXProject section */

/* Begin PBXResourcesBuildPhase section */
		B4856F3D2962AE04001FA954 /* Resources */ = {
			isa = PBXResourcesBuildPhase;
			buildActionMask = 2147483647;
			files = (
				B45EB4A3298951910039E6BD /* Launch Screen.storyboard in Resources */,
				B4856F4A2962AE06001FA954 /* Preview Assets.xcassets in Resources */,
				B4856F472962AE06001FA954 /* Assets.xcassets in Resources */,
			);
			runOnlyForDeploymentPostprocessing = 0;
		};
/* End PBXResourcesBuildPhase section */

/* Begin PBXShellScriptBuildPhase section */
		2D874DC58F70D18AAE4A81C5 /* [CP] Embed Pods Frameworks */ = {
			isa = PBXShellScriptBuildPhase;
			buildActionMask = 2147483647;
			files = (
			);
			inputFileListPaths = (
				"${PODS_ROOT}/Target Support Files/Pods-VK-SwiftUI/Pods-VK-SwiftUI-frameworks-${CONFIGURATION}-input-files.xcfilelist",
			);
			name = "[CP] Embed Pods Frameworks";
			outputFileListPaths = (
				"${PODS_ROOT}/Target Support Files/Pods-VK-SwiftUI/Pods-VK-SwiftUI-frameworks-${CONFIGURATION}-output-files.xcfilelist",
			);
			runOnlyForDeploymentPostprocessing = 0;
			shellPath = /bin/sh;
			shellScript = "\"${PODS_ROOT}/Target Support Files/Pods-VK-SwiftUI/Pods-VK-SwiftUI-frameworks.sh\"\n";
			showEnvVarsInLog = 0;
		};
		316896422156436D66A7A83D /* [CP] Check Pods Manifest.lock */ = {
			isa = PBXShellScriptBuildPhase;
			buildActionMask = 2147483647;
			files = (
			);
			inputFileListPaths = (
			);
			inputPaths = (
				"${PODS_PODFILE_DIR_PATH}/Podfile.lock",
				"${PODS_ROOT}/Manifest.lock",
			);
			name = "[CP] Check Pods Manifest.lock";
			outputFileListPaths = (
			);
			outputPaths = (
				"$(DERIVED_FILE_DIR)/Pods-VK-SwiftUI-checkManifestLockResult.txt",
			);
			runOnlyForDeploymentPostprocessing = 0;
			shellPath = /bin/sh;
			shellScript = "diff \"${PODS_PODFILE_DIR_PATH}/Podfile.lock\" \"${PODS_ROOT}/Manifest.lock\" > /dev/null\nif [ $? != 0 ] ; then\n    # print error to STDERR\n    echo \"error: The sandbox is not in sync with the Podfile.lock. Run 'pod install' or update your CocoaPods installation.\" >&2\n    exit 1\nfi\n# This output is used by Xcode 'outputs' to avoid re-running this script phase.\necho \"SUCCESS\" > \"${SCRIPT_OUTPUT_FILE_0}\"\n";
			showEnvVarsInLog = 0;
		};
/* End PBXShellScriptBuildPhase section */

/* Begin PBXSourcesBuildPhase section */
		B4856F3B2962AE04001FA954 /* Sources */ = {
			isa = PBXSourcesBuildPhase;
			buildActionMask = 2147483647;
			files = (
				B49B6723298CF68F00267D66 /* EmptyGroupListView.swift in Sources */,
				B4B02BBC2966C5AF002BA614 /* NewsRow.swift in Sources */,
				B484FEC8296D6BB50034AABD /* LoginWebView.swift in Sources */,
				B484FEAA2969194C0034AABD /* Group.swift in Sources */,
				B4856F6B2965CE68001FA954 /* NameBoldText.swift in Sources */,
				B4B02BBA2966C4F5002BA614 /* MainView.swift in Sources */,
				B4B02BD82967EBFF002BA614 /* Photo.swift in Sources */,
				B45EB49F298921DF0039E6BD /* EmptyFriendsListView.swift in Sources */,
				B484FEC0296C35DE0034AABD /* SharedControl.swift in Sources */,
				B484FEA8296916960034AABD /* GroupsList.swift in Sources */,
				B40BFAC629827C1D0011CCF0 /* NoNetworkView.swift in Sources */,
				B40BFAB5297FEF9B0011CCF0 /* InnerHeart.swift in Sources */,
				B49B6721298CC4B000267D66 /* LaunchScreen.swift in Sources */,
				B40BFAC4298277880011CCF0 /* NetworkMonitor.swift in Sources */,
				B484FEB6296AD5F80034AABD /* News.swift in Sources */,
				B484FEC2296C36D50034AABD /* ViewsControl.swift in Sources */,
				B484FEA5296887690034AABD /* SectionTitle.swift in Sources */,
				B4856F552963346B001FA954 /* PasswordTextField.swift in Sources */,
				B484FEAD296960670034AABD /* AddButton.swift in Sources */,
				B4856F6529646837001FA954 /* CircleShadow.swift in Sources */,
				B4B02BD42967D329002BA614 /* FriendsList.swift in Sources */,
				B484FEBA296C07F50034AABD /* CapsuleControl.swift in Sources */,
				B4856F6F2965D353001FA954 /* Avatar.swift in Sources */,
				B45EB49D29862EF90039E6BD /* ListOfGroups.swift in Sources */,
				B484FECE296D6D5B0034AABD /* LoginViewWK.swift in Sources */,
				B4856F69296535F4001FA954 /* GroupRow.swift in Sources */,
				B4856F6329645F8B001FA954 /* Friend'sRow.swift in Sources */,
				B4856F5129633242001FA954 /* LogoImage.swift in Sources */,
				B4BC20282973B84A002C1CF2 /* GroupViewModel.swift in Sources */,
				B4856F5C2963CF4F001FA954 /* BackgroundImage.swift in Sources */,
				B4856F5E2963DA00001FA954 /* LoginButtonStyle.swift in Sources */,
				B4856F602963DD6A001FA954 /* LoginButton.swift in Sources */,
				B4856F6D2965D1FB001FA954 /* Secondary2lineText.swift in Sources */,
				B4856F5329633281001FA954 /* LoginTextField.swift in Sources */,
				B40BFAB3297FD3A40011CCF0 /* LikeButtonNews.swift in Sources */,
				B4B02BD02967C390002BA614 /* Friend.swift in Sources */,
				B4856F742965D6BD001FA954 /* SecondaryText.swift in Sources */,
				B4B02BD62967E629002BA614 /* FriendPhotos.swift in Sources */,
				B4B02BDC29682576002BA614 /* LikeButton.swift in Sources */,
				B4BC201D29706561002C1CF2 /* FriendsViewModel.swift in Sources */,
				B484FEBE296C34100034AABD /* CommentControl.swift in Sources */,
				B4856F452962AE04001FA954 /* LoginView.swift in Sources */,
				B484FEB12969631A0034AABD /* AllGroupRow.swift in Sources */,
				B4B02BE0296826C7002BA614 /* LikeControl.swift in Sources */,
				B433A2C82975702A00037C80 /* NewsViewModel.swift in Sources */,
				B4B02BDE29682638002BA614 /* LikeQuantityButton.swift in Sources */,
				B4B02BC729671244002BA614 /* Extension+Color.swift in Sources */,
				B41046022976B92E000A6932 /* PhotoViewModel.swift in Sources */,
				B4B02BC52966F0AF002BA614 /* CustomTabBar.swift in Sources */,
				B4856F432962AE04001FA954 /* VK_SwiftUIApp.swift in Sources */,
				B46CC89429923CC400746B9A /* LoginViewModel.swift in Sources */,
				B484FEB8296B076F0034AABD /* NewsList.swift in Sources */,
				B484FEAF2969613D0034AABD /* AllGroupsList.swift in Sources */,
				B484FEBC296C0F2A0034AABD /* LikeNewsControl.swift in Sources */,
				B4B02BE229682968002BA614 /* PhotoView.swift in Sources */,
				B484FECC296D6CD50034AABD /* Session.swift in Sources */,
				B4856F582963550B001FA954 /* LoginSucceedView.swift in Sources */,
				B4856F6729652AC0001FA954 /* FavoriteButton.swift in Sources */,
			);
			runOnlyForDeploymentPostprocessing = 0;
		};
/* End PBXSourcesBuildPhase section */

/* Begin XCBuildConfiguration section */
		B4856F4B2962AE06001FA954 /* Debug */ = {
			isa = XCBuildConfiguration;
			buildSettings = {
				ALWAYS_SEARCH_USER_PATHS = NO;
				CLANG_ANALYZER_NONNULL = YES;
				CLANG_ANALYZER_NUMBER_OBJECT_CONVERSION = YES_AGGRESSIVE;
				CLANG_CXX_LANGUAGE_STANDARD = "gnu++20";
				CLANG_ENABLE_MODULES = YES;
				CLANG_ENABLE_OBJC_ARC = YES;
				CLANG_ENABLE_OBJC_WEAK = YES;
				CLANG_WARN_BLOCK_CAPTURE_AUTORELEASING = YES;
				CLANG_WARN_BOOL_CONVERSION = YES;
				CLANG_WARN_COMMA = YES;
				CLANG_WARN_CONSTANT_CONVERSION = YES;
				CLANG_WARN_DEPRECATED_OBJC_IMPLEMENTATIONS = YES;
				CLANG_WARN_DIRECT_OBJC_ISA_USAGE = YES_ERROR;
				CLANG_WARN_DOCUMENTATION_COMMENTS = YES;
				CLANG_WARN_EMPTY_BODY = YES;
				CLANG_WARN_ENUM_CONVERSION = YES;
				CLANG_WARN_INFINITE_RECURSION = YES;
				CLANG_WARN_INT_CONVERSION = YES;
				CLANG_WARN_NON_LITERAL_NULL_CONVERSION = YES;
				CLANG_WARN_OBJC_IMPLICIT_RETAIN_SELF = YES;
				CLANG_WARN_OBJC_LITERAL_CONVERSION = YES;
				CLANG_WARN_OBJC_ROOT_CLASS = YES_ERROR;
				CLANG_WARN_QUOTED_INCLUDE_IN_FRAMEWORK_HEADER = YES;
				CLANG_WARN_RANGE_LOOP_ANALYSIS = YES;
				CLANG_WARN_STRICT_PROTOTYPES = YES;
				CLANG_WARN_SUSPICIOUS_MOVE = YES;
				CLANG_WARN_UNGUARDED_AVAILABILITY = YES_AGGRESSIVE;
				CLANG_WARN_UNREACHABLE_CODE = YES;
				CLANG_WARN__DUPLICATE_METHOD_MATCH = YES;
				COPY_PHASE_STRIP = NO;
				DEBUG_INFORMATION_FORMAT = dwarf;
				ENABLE_STRICT_OBJC_MSGSEND = YES;
				ENABLE_TESTABILITY = YES;
				GCC_C_LANGUAGE_STANDARD = gnu11;
				GCC_DYNAMIC_NO_PIC = NO;
				GCC_NO_COMMON_BLOCKS = YES;
				GCC_OPTIMIZATION_LEVEL = 0;
				GCC_PREPROCESSOR_DEFINITIONS = (
					"DEBUG=1",
					"$(inherited)",
				);
				GCC_WARN_64_TO_32_BIT_CONVERSION = YES;
				GCC_WARN_ABOUT_RETURN_TYPE = YES_ERROR;
				GCC_WARN_UNDECLARED_SELECTOR = YES;
				GCC_WARN_UNINITIALIZED_AUTOS = YES_AGGRESSIVE;
				GCC_WARN_UNUSED_FUNCTION = YES;
				GCC_WARN_UNUSED_VARIABLE = YES;
				IPHONEOS_DEPLOYMENT_TARGET = 16.2;
				MTL_ENABLE_DEBUG_INFO = INCLUDE_SOURCE;
				MTL_FAST_MATH = YES;
				ONLY_ACTIVE_ARCH = YES;
				SDKROOT = iphoneos;
				SWIFT_ACTIVE_COMPILATION_CONDITIONS = DEBUG;
				SWIFT_OPTIMIZATION_LEVEL = "-Onone";
			};
			name = Debug;
		};
		B4856F4C2962AE06001FA954 /* Release */ = {
			isa = XCBuildConfiguration;
			buildSettings = {
				ALWAYS_SEARCH_USER_PATHS = NO;
				CLANG_ANALYZER_NONNULL = YES;
				CLANG_ANALYZER_NUMBER_OBJECT_CONVERSION = YES_AGGRESSIVE;
				CLANG_CXX_LANGUAGE_STANDARD = "gnu++20";
				CLANG_ENABLE_MODULES = YES;
				CLANG_ENABLE_OBJC_ARC = YES;
				CLANG_ENABLE_OBJC_WEAK = YES;
				CLANG_WARN_BLOCK_CAPTURE_AUTORELEASING = YES;
				CLANG_WARN_BOOL_CONVERSION = YES;
				CLANG_WARN_COMMA = YES;
				CLANG_WARN_CONSTANT_CONVERSION = YES;
				CLANG_WARN_DEPRECATED_OBJC_IMPLEMENTATIONS = YES;
				CLANG_WARN_DIRECT_OBJC_ISA_USAGE = YES_ERROR;
				CLANG_WARN_DOCUMENTATION_COMMENTS = YES;
				CLANG_WARN_EMPTY_BODY = YES;
				CLANG_WARN_ENUM_CONVERSION = YES;
				CLANG_WARN_INFINITE_RECURSION = YES;
				CLANG_WARN_INT_CONVERSION = YES;
				CLANG_WARN_NON_LITERAL_NULL_CONVERSION = YES;
				CLANG_WARN_OBJC_IMPLICIT_RETAIN_SELF = YES;
				CLANG_WARN_OBJC_LITERAL_CONVERSION = YES;
				CLANG_WARN_OBJC_ROOT_CLASS = YES_ERROR;
				CLANG_WARN_QUOTED_INCLUDE_IN_FRAMEWORK_HEADER = YES;
				CLANG_WARN_RANGE_LOOP_ANALYSIS = YES;
				CLANG_WARN_STRICT_PROTOTYPES = YES;
				CLANG_WARN_SUSPICIOUS_MOVE = YES;
				CLANG_WARN_UNGUARDED_AVAILABILITY = YES_AGGRESSIVE;
				CLANG_WARN_UNREACHABLE_CODE = YES;
				CLANG_WARN__DUPLICATE_METHOD_MATCH = YES;
				COPY_PHASE_STRIP = NO;
				DEBUG_INFORMATION_FORMAT = "dwarf-with-dsym";
				ENABLE_NS_ASSERTIONS = NO;
				ENABLE_STRICT_OBJC_MSGSEND = YES;
				GCC_C_LANGUAGE_STANDARD = gnu11;
				GCC_NO_COMMON_BLOCKS = YES;
				GCC_WARN_64_TO_32_BIT_CONVERSION = YES;
				GCC_WARN_ABOUT_RETURN_TYPE = YES_ERROR;
				GCC_WARN_UNDECLARED_SELECTOR = YES;
				GCC_WARN_UNINITIALIZED_AUTOS = YES_AGGRESSIVE;
				GCC_WARN_UNUSED_FUNCTION = YES;
				GCC_WARN_UNUSED_VARIABLE = YES;
				IPHONEOS_DEPLOYMENT_TARGET = 16.2;
				MTL_ENABLE_DEBUG_INFO = NO;
				MTL_FAST_MATH = YES;
				SDKROOT = iphoneos;
				SWIFT_COMPILATION_MODE = wholemodule;
				SWIFT_OPTIMIZATION_LEVEL = "-O";
				VALIDATE_PRODUCT = YES;
			};
			name = Release;
		};
		B4856F4E2962AE06001FA954 /* Debug */ = {
			isa = XCBuildConfiguration;
			baseConfigurationReference = 94ECE2C276E31F10E59C56D6 /* Pods-VK-SwiftUI.debug.xcconfig */;
			buildSettings = {
				ASSETCATALOG_COMPILER_APPICON_NAME = AppIcon;
				ASSETCATALOG_COMPILER_GLOBAL_ACCENT_COLOR_NAME = AccentColor;
				CODE_SIGN_STYLE = Automatic;
				CURRENT_PROJECT_VERSION = 1;
				DEVELOPMENT_ASSET_PATHS = "\"VK-SwiftUI/Preview Content\"";
				DEVELOPMENT_TEAM = AD4W7X6593;
				ENABLE_PREVIEWS = YES;
				GENERATE_INFOPLIST_FILE = YES;
				INFOPLIST_KEY_CFBundleDisplayName = "VK client";
				INFOPLIST_KEY_UIApplicationSceneManifest_Generation = YES;
				INFOPLIST_KEY_UIApplicationSupportsIndirectInputEvents = YES;
				INFOPLIST_KEY_UILaunchStoryboardName = "Launch Screen.storyboard";
				INFOPLIST_KEY_UISupportedInterfaceOrientations_iPad = "UIInterfaceOrientationPortrait UIInterfaceOrientationPortraitUpsideDown UIInterfaceOrientationLandscapeLeft UIInterfaceOrientationLandscapeRight";
				INFOPLIST_KEY_UISupportedInterfaceOrientations_iPhone = "UIInterfaceOrientationPortrait UIInterfaceOrientationLandscapeLeft UIInterfaceOrientationLandscapeRight";
				LD_RUNPATH_SEARCH_PATHS = (
					"$(inherited)",
					"@executable_path/Frameworks",
				);
				MARKETING_VERSION = 1.0;
				PRODUCT_BUNDLE_IDENTIFIER = "-.VK-SwiftUI";
				PRODUCT_NAME = "$(TARGET_NAME)";
				SWIFT_EMIT_LOC_STRINGS = YES;
				SWIFT_VERSION = 5.0;
				TARGETED_DEVICE_FAMILY = "1,2";
			};
			name = Debug;
		};
		B4856F4F2962AE06001FA954 /* Release */ = {
			isa = XCBuildConfiguration;
			baseConfigurationReference = 5D5A9F0D6F43B8EFC0DE35A0 /* Pods-VK-SwiftUI.release.xcconfig */;
			buildSettings = {
				ASSETCATALOG_COMPILER_APPICON_NAME = AppIcon;
				ASSETCATALOG_COMPILER_GLOBAL_ACCENT_COLOR_NAME = AccentColor;
				CODE_SIGN_STYLE = Automatic;
				CURRENT_PROJECT_VERSION = 1;
				DEVELOPMENT_ASSET_PATHS = "\"VK-SwiftUI/Preview Content\"";
				DEVELOPMENT_TEAM = AD4W7X6593;
				ENABLE_PREVIEWS = YES;
				GENERATE_INFOPLIST_FILE = YES;
				INFOPLIST_KEY_CFBundleDisplayName = "VK client";
				INFOPLIST_KEY_UIApplicationSceneManifest_Generation = YES;
				INFOPLIST_KEY_UIApplicationSupportsIndirectInputEvents = YES;
				INFOPLIST_KEY_UILaunchStoryboardName = "Launch Screen.storyboard";
				INFOPLIST_KEY_UISupportedInterfaceOrientations_iPad = "UIInterfaceOrientationPortrait UIInterfaceOrientationPortraitUpsideDown UIInterfaceOrientationLandscapeLeft UIInterfaceOrientationLandscapeRight";
				INFOPLIST_KEY_UISupportedInterfaceOrientations_iPhone = "UIInterfaceOrientationPortrait UIInterfaceOrientationLandscapeLeft UIInterfaceOrientationLandscapeRight";
				LD_RUNPATH_SEARCH_PATHS = (
					"$(inherited)",
					"@executable_path/Frameworks",
				);
				MARKETING_VERSION = 1.0;
				PRODUCT_BUNDLE_IDENTIFIER = "-.VK-SwiftUI";
				PRODUCT_NAME = "$(TARGET_NAME)";
				SWIFT_EMIT_LOC_STRINGS = YES;
				SWIFT_VERSION = 5.0;
				TARGETED_DEVICE_FAMILY = "1,2";
			};
			name = Release;
		};
/* End XCBuildConfiguration section */

/* Begin XCConfigurationList section */
		B4856F3A2962AE04001FA954 /* Build configuration list for PBXProject "VK-SwiftUI" */ = {
			isa = XCConfigurationList;
			buildConfigurations = (
				B4856F4B2962AE06001FA954 /* Debug */,
				B4856F4C2962AE06001FA954 /* Release */,
			);
			defaultConfigurationIsVisible = 0;
			defaultConfigurationName = Release;
		};
		B4856F4D2962AE06001FA954 /* Build configuration list for PBXNativeTarget "VK-SwiftUI" */ = {
			isa = XCConfigurationList;
			buildConfigurations = (
				B4856F4E2962AE06001FA954 /* Debug */,
				B4856F4F2962AE06001FA954 /* Release */,
			);
			defaultConfigurationIsVisible = 0;
			defaultConfigurationName = Release;
		};
/* End XCConfigurationList section */

/* Begin XCRemoteSwiftPackageReference section */
		B4B02BB62966B0A4002BA614 /* XCRemoteSwiftPackageReference "AlertX" */ = {
			isa = XCRemoteSwiftPackageReference;
			repositoryURL = "https://github.com/neel-makhecha/AlertX";
			requirement = {
				kind = upToNextMajorVersion;
				minimumVersion = 1.0.0;
			};
		};
		B4BC201F297108B8002C1CF2 /* XCRemoteSwiftPackageReference "SDWebImage" */ = {
			isa = XCRemoteSwiftPackageReference;
			repositoryURL = "https://github.com/SDWebImage/SDWebImage";
			requirement = {
				kind = upToNextMajorVersion;
				minimumVersion = 5.0.0;
			};
		};
		B4BC2022297108F7002C1CF2 /* XCRemoteSwiftPackageReference "SDWebImageSwiftUI" */ = {
			isa = XCRemoteSwiftPackageReference;
			repositoryURL = "https://github.com/SDWebImage/SDWebImageSwiftUI";
			requirement = {
				kind = upToNextMajorVersion;
				minimumVersion = 2.0.0;
			};
		};
/* End XCRemoteSwiftPackageReference section */

/* Begin XCSwiftPackageProductDependency section */
		B4B02BB72966B0A4002BA614 /* AlertX */ = {
			isa = XCSwiftPackageProductDependency;
			package = B4B02BB62966B0A4002BA614 /* XCRemoteSwiftPackageReference "AlertX" */;
			productName = AlertX;
		};
		B4BC2020297108B8002C1CF2 /* SDWebImage */ = {
			isa = XCSwiftPackageProductDependency;
			package = B4BC201F297108B8002C1CF2 /* XCRemoteSwiftPackageReference "SDWebImage" */;
			productName = SDWebImage;
		};
		B4BC2023297108F7002C1CF2 /* SDWebImageSwiftUI */ = {
			isa = XCSwiftPackageProductDependency;
			package = B4BC2022297108F7002C1CF2 /* XCRemoteSwiftPackageReference "SDWebImageSwiftUI" */;
			productName = SDWebImageSwiftUI;
		};
/* End XCSwiftPackageProductDependency section */
	};
	rootObject = B4856F372962AE04001FA954 /* Project object */;
}
